
Microsoft Visual Studio Solution File, Format Version 12.00
# Visual Studio 15
Project("{FAE04EC0-301F-11D3-BF4B-00C04F79EFBC}") = "Assembly-CSharp", "Assembly-CSharp.csproj", "{050D3128-8708-CFB3-A173-B7AEA18C657A}"
EndProject
Project("{FAE04EC0-301F-11D3-BF4B-00C04F79EFBC}") = "Assembly-CSharp-firstpass", "Assembly-CSharp-firstpass.csproj", "{AAF8109C-BA9E-FE5C-337D-74C3AABC1A1E}"
EndProject
Project("{FAE04EC0-301F-11D3-BF4B-00C04F79EFBC}") = "Assembly-CSharp-Editor-firstpass", "Assembly-CSharp-Editor-firstpass.csproj", "{B03B6A3E-F04A-2129-1D95-638A0C0C63C0}"
EndProject
Global
	GlobalSection(SolutionConfigurationPlatforms) = preSolution
		Debug|Any CPU = Debug|Any CPU
		Release|Any CPU = Release|Any CPU
	EndGlobalSection
	GlobalSection(ProjectConfigurationPlatforms) = postSolution
		{050D3128-8708-CFB3-A173-B7AEA18C657A}.Debug|Any CPU.ActiveCfg = Debug|Any CPU
		{050D3128-8708-CFB3-A173-B7AEA18C657A}.Debug|Any CPU.Build.0 = Debug|Any CPU
		{050D3128-8708-CFB3-A173-B7AEA18C657A}.Release|Any CPU.ActiveCfg = Release|Any CPU
		{050D3128-8708-CFB3-A173-B7AEA18C657A}.Release|Any CPU.Build.0 = Release|Any CPU
		{AAF8109C-BA9E-FE5C-337D-74C3AABC1A1E}.Debug|Any CPU.ActiveCfg = Debug|Any CPU
		{AAF8109C-BA9E-FE5C-337D-74C3AABC1A1E}.Debug|Any CPU.Build.0 = Debug|Any CPU
		{AAF8109C-BA9E-FE5C-337D-74C3AABC1A1E}.Release|Any CPU.ActiveCfg = Release|Any CPU
		{AAF8109C-BA9E-FE5C-337D-74C3AABC1A1E}.Release|Any CPU.Build.0 = Release|Any CPU
		{B03B6A3E-F04A-2129-1D95-638A0C0C63C0}.Debug|Any CPU.ActiveCfg = Debug|Any CPU
		{B03B6A3E-F04A-2129-1D95-638A0C0C63C0}.Debug|Any CPU.Build.0 = Debug|Any CPU
		{B03B6A3E-F04A-2129-1D95-638A0C0C63C0}.Release|Any CPU.ActiveCfg = Release|Any CPU
		{B03B6A3E-F04A-2129-1D95-638A0C0C63C0}.Release|Any CPU.Build.0 = Release|Any CPU
	EndGlobalSection
	GlobalSection(SolutionProperties) = preSolution
		HideSolutionNode = FALSE
	EndGlobalSection
EndGlobal
